# NOTICE: This lockfile contains some overrides from shard.override.yml
version: 2.0
shards:
  habitat:
    git: https://github.com/luckyframework/habitat.git
    version: 0.4.7

  lexbor: # Overridden
    git: https://github.com/kostya/lexbor.git
    version: 3.0.4+git.commit.aee771672616358c8dbe6ba5bd1ab1fb83577a8d

  mechanize:
    git: https://github.com/kanezoh/mechanize.cr.git
    version: 0.1.0+git.commit.be4d84592176d709df793f14589e6bb6e19a7f2a

  vcr:
    git: https://github.com/spoved/vcr.cr.git
    version: 0.5.2

