version: 2.0
shards:
  habitat:
    git: https://github.com/luckyframework/habitat.git
    version: 0.4.7

  lexbor:
    git: https://github.com/kostya/lexbor.git
    version: 3.0.2

  mechanize:
    git: https://github.com/kanezoh/mechanize.cr.git
    version: 0.1.0+git.commit.e72fae85169b71b60d86c70849a42ebd986abbe7

  vcr:
    git: https://github.com/spoved/vcr.cr.git
    version: 0.5.1

